
Microsoft Visual Studio Solution File, Format Version 12.00
# Visual Studio Version 16
VisualStudioVersion = 16.0.810.0
MinimumVisualStudioVersion = 10.0.40219.1
Project("{FAE04EC0-301F-11D3-BF4B-00C04F79EFBC}") = "BlazorTodo", "BlazorTodo.csproj", "{3AE7AA81-18AB-4152-AA29-0C0CB348D28E}"
EndProject
Global
	GlobalSection(SolutionConfigurationPlatforms) = preSolution
		Debug|Any CPU = Debug|Any CPU
		Release|Any CPU = Release|Any CPU
	EndGlobalSection
	GlobalSection(ProjectConfigurationPlatforms) = postSolution
		{3AE7AA81-18AB-4152-AA29-0C0CB348D28E}.Debug|Any CPU.ActiveCfg = Debug|Any CPU
		{3AE7AA81-18AB-4152-AA29-0C0CB348D28E}.Debug|Any CPU.Build.0 = Debug|Any CPU
		{3AE7AA81-18AB-4152-AA29-0C0CB348D28E}.Release|Any CPU.ActiveCfg = Release|Any CPU
		{3AE7AA81-18AB-4152-AA29-0C0CB348D28E}.Release|Any CPU.Build.0 = Release|Any CPU
	EndGlobalSection
	GlobalSection(SolutionProperties) = preSolution
		HideSolutionNode = FALSE
	EndGlobalSection
	GlobalSection(ExtensibilityGlobals) = postSolution
		SolutionGuid = {800B3718-A108-4E47-AA75-BBB4EC5C397A}
	EndGlobalSection
EndGlobal
